# Generated by pub
# See https://dart.dev/tools/pub/glossary#lockfile
packages:
  alfred:
    dependency: "direct main"
    description:
      name: alfred
      url: "https://pub.dartlang.org"
    source: hosted
    version: "0.1.5+3"
  enum_to_string:
    dependency: transitive
    description:
      name: enum_to_string
      url: "https://pub.dartlang.org"
    source: hosted
    version: "2.0.1"
  ffi:
    dependency: transitive
    description:
      name: ffi
      url: "https://pub.dartlang.org"
    source: hosted
    version: "1.1.2"
  isar:
    dependency: "direct main"
    description:
      name: isar
      url: "https://pub.dartlang.org"
    source: hosted
    version: "2.1.4"
  lints:
    dependency: "direct dev"
    description:
      name: lints
      url: "https://pub.dartlang.org"
    source: hosted
    version: "1.0.1"
  meta:
    dependency: transitive
    description:
      name: meta
      url: "https://pub.dartlang.org"
    source: hosted
    version: "1.7.0"
  mime:
    dependency: transitive
    description:
      name: mime
      url: "https://pub.dartlang.org"
    source: hosted
    version: "1.0.1"
  mime_type:
    dependency: transitive
    description:
      name: mime_type
      url: "https://pub.dartlang.org"
    source: hosted
    version: "1.0.0"
  queue:
    dependency: transitive
    description:
      name: queue
      url: "https://pub.dartlang.org"
    source: hosted
    version: "3.1.0+1"
sdks:
  dart: ">=2.16.0 <3.0.0"
